PODS:
  - Alamofire (5.2.1)
  - AppAuth (1.6.0):
    - AppAuth/Core (= 1.6.0)
    - AppAuth/ExternalUserAgent (= 1.6.0)
  - AppAuth/Core (1.6.0)
  - AppAuth/ExternalUserAgent (1.6.0):
    - AppAuth/Core
  - Cosmos (23.0.0)
  - CountryPickerView (3.3.0)
  - CropViewController (2.6.1)
  - DLRadioButton (1.4.12)
  - FacebookCore (0.9.0):
    - FBSDKCoreKit (~> 5.0)
  - FacebookShare (0.9.0):
    - FacebookCore (~> 0.9.0)
    - FBSDKCoreKit (~> 5.0)
    - FBSDKShareKit (~> 5.0)
  - FBSDKCoreKit (5.15.1):
    - FBSDKCoreKit/Basics (= 5.15.1)
    - FBSDKCoreKit/Core (= 5.15.1)
  - FBSDKCoreKit/Basics (5.15.1)
  - FBSDKCoreKit/Core (5.15.1):
    - FBSDKCoreKit/Basics
  - FBSDKLoginKit (5.15.1):
    - FBSDKLoginKit/Login (= 5.15.1)
  - FBSDKLoginKit/Login (5.15.1):
    - FBSDKCoreKit (~> 5.0)
  - FBSDKShareKit (5.15.1):
    - FBSDKShareKit/Share (= 5.15.1)
  - FBSDKShareKit/Share (5.15.1):
    - FBSDKCoreKit (~> 5.0)
  - Firebase/Analytics (9.0.0):
    - Firebase/Core
  - Firebase/Auth (9.0.0):
    - Firebase/CoreOnly
    - FirebaseAuth (~> 9.0.0)
  - Firebase/Core (9.0.0):
    - Firebase/CoreOnly
    - FirebaseAnalytics (~> 9.0.0)
  - Firebase/CoreOnly (9.0.0):
    - FirebaseCore (= 9.0.0)
  - Firebase/Crashlytics (9.0.0):
    - Firebase/CoreOnly
    - FirebaseCrashlytics (~> 9.0.0)
  - Firebase/Database (9.0.0):
    - Firebase/CoreOnly
    - FirebaseDatabase (~> 9.0.0)
  - Firebase/Messaging (9.0.0):
    - Firebase/CoreOnly
    - FirebaseMessaging (~> 9.0.0)
  - FirebaseAnalytics (9.0.0):
    - FirebaseAnalytics/AdIdSupport (= 9.0.0)
    - FirebaseCore (~> 9.0)
    - FirebaseInstallations (~> 9.0)
    - GoogleUtilities/AppDelegateSwizzler (~> 7.7)
    - GoogleUtilities/MethodSwizzler (~> 7.7)
    - GoogleUtilities/Network (~> 7.7)
    - "GoogleUtilities/NSData+zlib (~> 7.7)"
    - nanopb (~> 2.30908.0)
  - FirebaseAnalytics/AdIdSupport (9.0.0):
    - FirebaseCore (~> 9.0)
    - FirebaseInstallations (~> 9.0)
    - GoogleAppMeasurement (= 9.0.0)
    - GoogleUtilities/AppDelegateSwizzler (~> 7.7)
    - GoogleUtilities/MethodSwizzler (~> 7.7)
    - GoogleUtilities/Network (~> 7.7)
    - "GoogleUtilities/NSData+zlib (~> 7.7)"
    - nanopb (~> 2.30908.0)
  - FirebaseAuth (9.0.0):
    - FirebaseCore (~> 9.0)
    - GoogleUtilities/AppDelegateSwizzler (~> 7.7)
    - GoogleUtilities/Environment (~> 7.7)
    - GTMSessionFetcher/Core (~> 1.7)
  - FirebaseCore (9.0.0):
    - FirebaseCoreDiagnostics (~> 9.0)
    - FirebaseCoreInternal (~> 9.0)
    - GoogleUtilities/Environment (~> 7.7)
    - GoogleUtilities/Logger (~> 7.7)
  - FirebaseCoreDiagnostics (9.0.0):
    - GoogleDataTransport (~> 9.1)
    - GoogleUtilities/Environment (~> 7.7)
    - GoogleUtilities/Logger (~> 7.7)
    - nanopb (~> 2.30908.0)
  - FirebaseCoreInternal (9.4.0):
    - "GoogleUtilities/NSData+zlib (~> 7.7)"
  - FirebaseCrashlytics (9.0.0):
    - FirebaseCore (~> 9.0)
    - FirebaseInstallations (~> 9.0)
    - GoogleDataTransport (~> 9.1)
    - GoogleUtilities/Environment (~> 7.7)
    - nanopb (~> 2.30908.0)
    - PromisesObjC (~> 2.1)
  - FirebaseDatabase (9.0.0):
    - FirebaseCore (~> 9.0)
    - leveldb-library (~> 1.22)
  - FirebaseInstallations (9.0.0):
    - FirebaseCore (~> 9.0)
    - GoogleUtilities/Environment (~> 7.7)
    - GoogleUtilities/UserDefaults (~> 7.7)
    - PromisesObjC (~> 2.1)
  - FirebaseMessaging (9.0.0):
    - FirebaseCore (~> 9.0)
    - FirebaseInstallations (~> 9.0)
    - GoogleDataTransport (~> 9.1)
    - GoogleUtilities/AppDelegateSwizzler (~> 7.7)
    - GoogleUtilities/Environment (~> 7.7)
    - GoogleUtilities/Reachability (~> 7.7)
    - GoogleUtilities/UserDefaults (~> 7.7)
    - nanopb (~> 2.30908.0)
  - FlutterwaveSDK (1.3.6):
    - IQKeyboardManagerSwift
    - lottie-ios
    - "MaterialComponents/TextControls+OutlinedTextAreas"
    - "MaterialComponents/TextControls+OutlinedTextFields"
    - RxCocoa
    - RxSwift
    - Swinject
    - SwinjectAutoregistration
  - GoogleAppMeasurement (9.0.0):
    - GoogleAppMeasurement/AdIdSupport (= 9.0.0)
    - GoogleUtilities/AppDelegateSwizzler (~> 7.7)
    - GoogleUtilities/MethodSwizzler (~> 7.7)
    - GoogleUtilities/Network (~> 7.7)
    - "GoogleUtilities/NSData+zlib (~> 7.7)"
    - nanopb (~> 2.30908.0)
  - GoogleAppMeasurement/AdIdSupport (9.0.0):
    - GoogleAppMeasurement/WithoutAdIdSupport (= 9.0.0)
    - GoogleUtilities/AppDelegateSwizzler (~> 7.7)
    - GoogleUtilities/MethodSwizzler (~> 7.7)
    - GoogleUtilities/Network (~> 7.7)
    - "GoogleUtilities/NSData+zlib (~> 7.7)"
    - nanopb (~> 2.30908.0)
  - GoogleAppMeasurement/WithoutAdIdSupport (9.0.0):
    - GoogleUtilities/AppDelegateSwizzler (~> 7.7)
    - GoogleUtilities/MethodSwizzler (~> 7.7)
    - GoogleUtilities/Network (~> 7.7)
    - "GoogleUtilities/NSData+zlib (~> 7.7)"
    - nanopb (~> 2.30908.0)
  - GoogleDataTransport (9.1.4):
    - GoogleUtilities/Environment (~> 7.7)
    - nanopb (< 2.30910.0, >= 2.30908.0)
    - PromisesObjC (< 3.0, >= 1.2)
  - GoogleMaps (7.4.0):
    - GoogleMaps/Maps (= 7.4.0)
  - GoogleMaps/Base (7.4.0)
  - GoogleMaps/Maps (7.4.0):
    - GoogleMaps/Base
  - GooglePlaces (7.4.0)
  - GoogleSignIn (5.0.2):
    - AppAuth (~> 1.2)
    - GTMAppAuth (~> 1.0)
    - GTMSessionFetcher/Core (~> 1.1)
  - GoogleUtilities/AppDelegateSwizzler (7.7.0):
    - GoogleUtilities/Environment
    - GoogleUtilities/Logger
    - GoogleUtilities/Network
  - GoogleUtilities/Environment (7.7.0):
    - PromisesObjC (< 3.0, >= 1.2)
  - GoogleUtilities/Logger (7.7.0):
    - GoogleUtilities/Environment
  - GoogleUtilities/MethodSwizzler (7.7.0):
    - GoogleUtilities/Logger
  - GoogleUtilities/Network (7.7.0):
    - GoogleUtilities/Logger
    - "GoogleUtilities/NSData+zlib"
    - GoogleUtilities/Reachability
  - "GoogleUtilities/NSData+zlib (7.7.0)"
  - GoogleUtilities/Reachability (7.7.0):
    - GoogleUtilities/Logger
  - GoogleUtilities/UserDefaults (7.7.0):
    - GoogleUtilities/Logger
  - GTMAppAuth (1.3.1):
    - AppAuth/Core (~> 1.6)
    - GTMSessionFetcher/Core (< 3.0, >= 1.5)
  - GTMSessionFetcher/Core (1.7.2)
  - IQKeyboardManagerSwift (6.5.10)
  - leveldb-library (1.22.1)
  - lottie-ios (3.4.1)
  - MaterialComponents/AnimationTiming (124.2.0)
  - MaterialComponents/Availability (124.2.0)
  - MaterialComponents/private/Math (124.2.0)
  - "MaterialComponents/private/TextControlsPrivate+BaseStyle (124.2.0)":
    - MaterialComponents/AnimationTiming
    - MaterialComponents/private/Math
    - "MaterialComponents/private/TextControlsPrivate+Shared"
  - "MaterialComponents/private/TextControlsPrivate+OutlinedStyle (124.2.0)":
    - MaterialComponents/AnimationTiming
    - MaterialComponents/Availability
    - MaterialComponents/private/Math
    - "MaterialComponents/private/TextControlsPrivate+Shared"
  - "MaterialComponents/private/TextControlsPrivate+Shared (124.2.0)":
    - MaterialComponents/AnimationTiming
    - MaterialComponents/private/Math
    - "MaterialComponents/TextControls+Enums"
  - "MaterialComponents/private/TextControlsPrivate+TextFields (124.2.0)":
    - MaterialComponents/private/Math
    - "MaterialComponents/private/TextControlsPrivate+Shared"
  - "MaterialComponents/TextControls+BaseTextAreas (124.2.0)":
    - "MaterialComponents/private/TextControlsPrivate+BaseStyle"
    - "MaterialComponents/private/TextControlsPrivate+Shared"
    - MDFInternationalization
  - "MaterialComponents/TextControls+BaseTextFields (124.2.0)":
    - "MaterialComponents/private/TextControlsPrivate+BaseStyle"
    - "MaterialComponents/private/TextControlsPrivate+Shared"
    - "MaterialComponents/private/TextControlsPrivate+TextFields"
    - MDFInternationalization
  - "MaterialComponents/TextControls+Enums (124.2.0)"
  - "MaterialComponents/TextControls+OutlinedTextAreas (124.2.0)":
    - MaterialComponents/Availability
    - "MaterialComponents/private/TextControlsPrivate+OutlinedStyle"
    - "MaterialComponents/TextControls+BaseTextAreas"
  - "MaterialComponents/TextControls+OutlinedTextFields (124.2.0)":
    - MaterialComponents/Availability
    - "MaterialComponents/private/TextControlsPrivate+OutlinedStyle"
    - "MaterialComponents/TextControls+BaseTextFields"
  - MBProgressHUD (1.2.0)
  - MDFInternationalization (3.0.0)
  - nanopb (2.30908.0):
    - nanopb/decode (= 2.30908.0)
    - nanopb/encode (= 2.30908.0)
  - nanopb/decode (2.30908.0)
  - nanopb/encode (2.30908.0)
  - OTPFieldView (1.0.1)
  - Paystack (3.0.17):
    - Paystack/Core (= 3.0.17)
  - Paystack/Core (3.0.17)
  - PromisesObjC (2.1.0)
  - RaveSDK (2.2.1):
    - Alamofire (= 5.2.1)
    - IQKeyboardManagerSwift
    - lottie-ios
  - ReachabilitySwift (5.0.0)
  - RxCocoa (6.5.0):
    - RxRelay (= 6.5.0)
    - RxSwift (= 6.5.0)
  - RxRelay (6.5.0):
    - RxSwift (= 6.5.0)
  - RxSwift (6.5.0)
  - SDWebImage (5.12.5):
    - SDWebImage/Core (= 5.12.5)
  - SDWebImage/Core (5.12.5)
  - SkeletonView (1.29.2)
  - SkyFloatingLabelTextField (3.8.0)
  - SwiftyJSON (5.0.1)
  - Swinject (2.7.1)
  - SwinjectAutoregistration (2.8.1):
    - Swinject (= 2.7.1)
  - Toast-Swift (5.0.1)
  - TransitionButton (0.5.3)
  - youtube-ios-player-helper (1.0.4)

DEPENDENCIES:
  - Alamofire (~> 5.2.1)
  - Cosmos (~> 23.0)
  - CountryPickerView
  - CropViewController
  - DLRadioButton (~> 1.4)
  - FacebookCore
  - FacebookShare
  - FBSDKLoginKit
  - Firebase/Analytics
  - Firebase/Auth
  - Firebase/Core
  - Firebase/Crashlytics
  - Firebase/Database
  - Firebase/Messaging
  - FlutterwaveSDK
  - GoogleMaps
  - GooglePlaces
  - GoogleSignIn (~> 5.0.2)
  - IQKeyboardManagerSwift
  - MBProgressHUD
  - OTPFieldView
  - Paystack
  - RaveSDK
  - ReachabilitySwift
  - SDWebImage
  - SkeletonView
  - SkyFloatingLabelTextField (~> 3.0)
  - SwiftyJSON
  - Toast-Swift (~> 5.0.1)
  - TransitionButton
  - youtube-ios-player-helper

SPEC REPOS:
  trunk:
    - Alamofire
    - AppAuth
    - Cosmos
    - CountryPickerView
    - CropViewController
    - DLRadioButton
    - FacebookCore
    - FacebookShare
    - FBSDKCoreKit
    - FBSDKLoginKit
    - FBSDKShareKit
    - Firebase
    - FirebaseAnalytics
    - FirebaseAuth
    - FirebaseCore
    - FirebaseCoreDiagnostics
    - FirebaseCoreInternal
    - FirebaseCrashlytics
    - FirebaseDatabase
    - FirebaseInstallations
    - FirebaseMessaging
    - FlutterwaveSDK
    - GoogleAppMeasurement
    - GoogleDataTransport
    - GoogleMaps
    - GooglePlaces
    - GoogleSignIn
    - GoogleUtilities
    - GTMAppAuth
    - GTMSessionFetcher
    - IQKeyboardManagerSwift
    - leveldb-library
    - lottie-ios
    - MaterialComponents
    - MBProgressHUD
    - MDFInternationalization
    - nanopb
    - OTPFieldView
    - Paystack
    - PromisesObjC
    - RaveSDK
    - ReachabilitySwift
    - RxCocoa
    - RxRelay
    - RxSwift
    - SDWebImage
    - SkeletonView
    - SkyFloatingLabelTextField
    - SwiftyJSON
    - Swinject
    - SwinjectAutoregistration
    - Toast-Swift
    - TransitionButton
    - youtube-ios-player-helper

SPEC CHECKSUMS:
  Alamofire: e911732990610fe89af59ac0077f923d72dc3dfd
  AppAuth: 8fca6b5563a5baef2c04bee27538025e4ceb2add
  Cosmos: b5c6a9a637e28a061b54c8f8b1d8529d7d4db73f
  CountryPickerView: 6322ada32a80b0cd721b0267282a5c24f406f263
  CropViewController: 58fb440f30dac788b129d2a1f24cffdcb102669c
  DLRadioButton: d7c4e225ed0e8013cef7be61455230c7557ad7c1
  FacebookCore: ba86524b66cfa86d0f8e65d08faa8504a9f732dd
  FacebookShare: 85968ad1b1606c4944fb154924e425fd29184ea5
  FBSDKCoreKit: 1d5acf7c9d7a2f92bb1a242dc60cae5b7adb91df
  FBSDKLoginKit: f1ea8026a58b52d30c9f2e6a58ca7d813619fb83
  FBSDKShareKit: 259737eab3cc807087374553abdf588b3096ba55
  Firebase: a876fadc5ea653a377693376fd4f885c62704512
  FirebaseAnalytics: ea4f6f4b604a20b4de4d3c7f7a2cb51d9a989040
  FirebaseAuth: eae56c13e1161da89be202b1fae3ca60b4b8d689
  FirebaseCore: e4c0b5d9727eaee0b43f9ed00baff7500c188d7b
  FirebaseCoreDiagnostics: 54410e5d156bf406a764c2722d9f77d682723b4c
  FirebaseCoreInternal: a13302b0088fbf5f38b79b6ece49c2af7d3e05d6
  FirebaseCrashlytics: 08561398868790fc9694b85efb4c080940926fcc
  FirebaseDatabase: c7bb29fefd9196f719164452ebe287bc8f5976dd
  FirebaseInstallations: e693c0dfe404af44afbd553de42498b2ca1ca189
  FirebaseMessaging: 411a61cde991cbd00b5b11c7a25e0c8f28c44990
  FlutterwaveSDK: 4214a8fcefff10c6703509363749e5b12398cf2e
  GoogleAppMeasurement: 2c2792d43ebdea0524adbc90cba9139721f3039b
  GoogleDataTransport: 5fffe35792f8b96ec8d6775f5eccd83c998d5a3b
  GoogleMaps: 032f676450ba0779bd8ce16840690915f84e57ac
  GooglePlaces: 544e908d94860bf6f8fc1865b80d2c7eb6b5f937
  GoogleSignIn: 7137d297ddc022a7e0aa4619c86d72c909fa7213
  GoogleUtilities: e0913149f6b0625b553d70dae12b49fc62914fd1
  GTMAppAuth: 0ff230db599948a9ad7470ca667337803b3fc4dd
  GTMSessionFetcher: 5595ec75acf5be50814f81e9189490412bad82ba
  IQKeyboardManagerSwift: 52962c76ab33532f15ad9f3ff4e5715eda5335bb
  leveldb-library: 50c7b45cbd7bf543c81a468fe557a16ae3db8729
  lottie-ios: 016449b5d8be0c3dcbcfa0a9988469999cd04c5d
  MaterialComponents: 1a9b2d9d45b1601ae544de85089adc4c464306d4
  MBProgressHUD: 3ee5efcc380f6a79a7cc9b363dd669c5e1ae7406
  MDFInternationalization: d697c55307816222a55685c4ccb1044ffb030c12
  nanopb: a0ba3315591a9ae0a16a309ee504766e90db0c96
  OTPFieldView: 700a752fe62c41d1c4914c78aa500fb30d97c255
  Paystack: 5a7a9d5c47ddfd76e3d84550d9ff1f49bf6d284c
  PromisesObjC: 99b6f43f9e1044bd87a95a60beff28c2c44ddb72
  RaveSDK: 193e4448f4aba8518d68d8a5e34733f95604afa4
  ReachabilitySwift: 985039c6f7b23a1da463388634119492ff86c825
  RxCocoa: 94f817b71c07517321eb4f9ad299112ca8af743b
  RxRelay: 1de1523e604c72b6c68feadedd1af3b1b4d0ecbd
  RxSwift: 5710a9e6b17f3c3d6e40d6e559b9fa1e813b2ef8
  SDWebImage: 0905f1b7760fc8ac4198cae0036600d67478751e
  SkeletonView: 915a80ecc2b6421ab7ac0f0212321c0cc1406472
  SkyFloatingLabelTextField: 5a338412114808e961fe2d14ea2c5452c8b6e4aa
  SwiftyJSON: 2f33a42c6fbc52764d96f13368585094bfd8aa5e
  Swinject: ddf78b8486dd9b71a667b852cad919ab4484478e
  SwinjectAutoregistration: e83e362da3ca9c64a68290e89efbc40e378dff12
  Toast-Swift: 9b6a70f28b3bf0b96c40d46c0c4b9d6639846711
  TransitionButton: 36283346e17c64775a1b3bc3a7a72940a367de1f
  youtube-ios-player-helper: e9b97535e816db3152179d84d999bc1807ecd689

PODFILE CHECKSUM: c0fff38db110ed56b8b1d5fdfe6a253e5bf4445a

COCOAPODS: 1.12.0
